
Microsoft Visual Studio Solution File, Format Version 12.00
# Visual Studio Version 17
VisualStudioVersion = 17.8.34525.116
MinimumVisualStudioVersion = 10.0.40219.1
Project("{FAE04EC0-301F-11D3-BF4B-00C04F79EFBC}") = "BlazorCustomInput", "BlazorCustomInput.csproj", "{E9BB4384-36E3-4ADD-BAD1-9967AA2CB6F5}"
EndProject
Global
	GlobalSection(SolutionConfigurationPlatforms) = preSolution
		Debug|Any CPU = Debug|Any CPU
		Release|Any CPU = Release|Any CPU
	EndGlobalSection
	GlobalSection(ProjectConfigurationPlatforms) = postSolution
		{E9BB4384-36E3-4ADD-BAD1-9967AA2CB6F5}.Debug|Any CPU.ActiveCfg = Debug|Any CPU
		{E9BB4384-36E3-4ADD-BAD1-9967AA2CB6F5}.Debug|Any CPU.Build.0 = Debug|Any CPU
		{E9BB4384-36E3-4ADD-BAD1-9967AA2CB6F5}.Release|Any CPU.ActiveCfg = Release|Any CPU
		{E9BB4384-36E3-4ADD-BAD1-9967AA2CB6F5}.Release|Any CPU.Build.0 = Release|Any CPU
	EndGlobalSection
	GlobalSection(SolutionProperties) = preSolution
		HideSolutionNode = FALSE
	EndGlobalSection
	GlobalSection(ExtensibilityGlobals) = postSolution
		SolutionGuid = {2DD97312-848A-4BDB-AFAF-BE95754DA9B2}
	EndGlobalSection
EndGlobal
